
Microsoft Visual Studio Solution File, Format Version 12.00
# Visual Studio 15
VisualStudioVersion = 15.0.27428.2037
MinimumVisualStudioVersion = 10.0.40219.1
Project("{FAE04EC0-301F-11D3-BF4B-00C04F79EFBC}") = "UWPMidTerm", "UWPMidTerm\UWPMidTerm.csproj", "{944F36EC-E1D5-42D4-84FB-BE5E7B0D8EAE}"
EndProject
Global
	GlobalSection(SolutionConfigurationPlatforms) = preSolution
		Debug|ARM = Debug|ARM
		Debug|x64 = Debug|x64
		Debug|x86 = Debug|x86
		Release|ARM = Release|ARM
		Release|x64 = Release|x64
		Release|x86 = Release|x86
	EndGlobalSection
	GlobalSection(ProjectConfigurationPlatforms) = postSolution
		{944F36EC-E1D5-42D4-84FB-BE5E7B0D8EAE}.Debug|ARM.ActiveCfg = Debug|ARM
		{944F36EC-E1D5-42D4-84FB-BE5E7B0D8EAE}.Debug|ARM.Build.0 = Debug|ARM
		{944F36EC-E1D5-42D4-84FB-BE5E7B0D8EAE}.Debug|ARM.Deploy.0 = Debug|ARM
		{944F36EC-E1D5-42D4-84FB-BE5E7B0D8EAE}.Debug|x64.ActiveCfg = Debug|x64
		{944F36EC-E1D5-42D4-84FB-BE5E7B0D8EAE}.Debug|x64.Build.0 = Debug|x64
		{944F36EC-E1D5-42D4-84FB-BE5E7B0D8EAE}.Debug|x64.Deploy.0 = Debug|x64
		{944F36EC-E1D5-42D4-84FB-BE5E7B0D8EAE}.Debug|x86.ActiveCfg = Debug|x86
		{944F36EC-E1D5-42D4-84FB-BE5E7B0D8EAE}.Debug|x86.Build.0 = Debug|x86
		{944F36EC-E1D5-42D4-84FB-BE5E7B0D8EAE}.Debug|x86.Deploy.0 = Debug|x86
		{944F36EC-E1D5-42D4-84FB-BE5E7B0D8EAE}.Release|ARM.ActiveCfg = Release|ARM
		{944F36EC-E1D5-42D4-84FB-BE5E7B0D8EAE}.Release|ARM.Build.0 = Release|ARM
		{944F36EC-E1D5-42D4-84FB-BE5E7B0D8EAE}.Release|ARM.Deploy.0 = Release|ARM
		{944F36EC-E1D5-42D4-84FB-BE5E7B0D8EAE}.Release|x64.ActiveCfg = Release|x64
		{944F36EC-E1D5-42D4-84FB-BE5E7B0D8EAE}.Release|x64.Build.0 = Release|x64
		{944F36EC-E1D5-42D4-84FB-BE5E7B0D8EAE}.Release|x64.Deploy.0 = Release|x64
		{944F36EC-E1D5-42D4-84FB-BE5E7B0D8EAE}.Release|x86.ActiveCfg = Release|x86
		{944F36EC-E1D5-42D4-84FB-BE5E7B0D8EAE}.Release|x86.Build.0 = Release|x86
		{944F36EC-E1D5-42D4-84FB-BE5E7B0D8EAE}.Release|x86.Deploy.0 = Release|x86
	EndGlobalSection
	GlobalSection(SolutionProperties) = preSolution
		HideSolutionNode = FALSE
	EndGlobalSection
	GlobalSection(ExtensibilityGlobals) = postSolution
		SolutionGuid = {5E43F7D7-0EED-4635-BA82-000963950F2B}
	EndGlobalSection
EndGlobal
