
Microsoft Visual Studio Solution File, Format Version 12.00
# Visual Studio 15
VisualStudioVersion = 15.0.27428.2037
MinimumVisualStudioVersion = 10.0.40219.1
Project("{FAE04EC0-301F-11D3-BF4B-00C04F79EFBC}") = "UWPMidTerm3", "UWPMidTerm3\UWPMidTerm3.csproj", "{84D3AD8C-904B-45AF-A600-C3D3239D0BCC}"
EndProject
Global
	GlobalSection(SolutionConfigurationPlatforms) = preSolution
		Debug|ARM = Debug|ARM
		Debug|x64 = Debug|x64
		Debug|x86 = Debug|x86
		Release|ARM = Release|ARM
		Release|x64 = Release|x64
		Release|x86 = Release|x86
	EndGlobalSection
	GlobalSection(ProjectConfigurationPlatforms) = postSolution
		{84D3AD8C-904B-45AF-A600-C3D3239D0BCC}.Debug|ARM.ActiveCfg = Debug|ARM
		{84D3AD8C-904B-45AF-A600-C3D3239D0BCC}.Debug|ARM.Build.0 = Debug|ARM
		{84D3AD8C-904B-45AF-A600-C3D3239D0BCC}.Debug|ARM.Deploy.0 = Debug|ARM
		{84D3AD8C-904B-45AF-A600-C3D3239D0BCC}.Debug|x64.ActiveCfg = Debug|x64
		{84D3AD8C-904B-45AF-A600-C3D3239D0BCC}.Debug|x64.Build.0 = Debug|x64
		{84D3AD8C-904B-45AF-A600-C3D3239D0BCC}.Debug|x64.Deploy.0 = Debug|x64
		{84D3AD8C-904B-45AF-A600-C3D3239D0BCC}.Debug|x86.ActiveCfg = Debug|x86
		{84D3AD8C-904B-45AF-A600-C3D3239D0BCC}.Debug|x86.Build.0 = Debug|x86
		{84D3AD8C-904B-45AF-A600-C3D3239D0BCC}.Debug|x86.Deploy.0 = Debug|x86
		{84D3AD8C-904B-45AF-A600-C3D3239D0BCC}.Release|ARM.ActiveCfg = Release|ARM
		{84D3AD8C-904B-45AF-A600-C3D3239D0BCC}.Release|ARM.Build.0 = Release|ARM
		{84D3AD8C-904B-45AF-A600-C3D3239D0BCC}.Release|ARM.Deploy.0 = Release|ARM
		{84D3AD8C-904B-45AF-A600-C3D3239D0BCC}.Release|x64.ActiveCfg = Release|x64
		{84D3AD8C-904B-45AF-A600-C3D3239D0BCC}.Release|x64.Build.0 = Release|x64
		{84D3AD8C-904B-45AF-A600-C3D3239D0BCC}.Release|x64.Deploy.0 = Release|x64
		{84D3AD8C-904B-45AF-A600-C3D3239D0BCC}.Release|x86.ActiveCfg = Release|x86
		{84D3AD8C-904B-45AF-A600-C3D3239D0BCC}.Release|x86.Build.0 = Release|x86
		{84D3AD8C-904B-45AF-A600-C3D3239D0BCC}.Release|x86.Deploy.0 = Release|x86
	EndGlobalSection
	GlobalSection(SolutionProperties) = preSolution
		HideSolutionNode = FALSE
	EndGlobalSection
	GlobalSection(ExtensibilityGlobals) = postSolution
		SolutionGuid = {133BD69E-F0DF-46B9-BFD7-02B5A4A0CE85}
	EndGlobalSection
EndGlobal
